
Microsoft Visual Studio Solution File, Format Version 12.00
# Visual Studio Version 17
VisualStudioVersion = 17.1.32210.238
MinimumVisualStudioVersion = 10.0.40219.1
Project("{FAE04EC0-301F-11D3-BF4B-00C04F79EFBC}") = "task3_csharp", "task3_csharp\task3_csharp.csproj", "{BF4ED5E5-AFE7-41AC-8268-D3E4A1B24D12}"
EndProject
Global
	GlobalSection(SolutionConfigurationPlatforms) = preSolution
		Debug|Any CPU = Debug|Any CPU
		Release|Any CPU = Release|Any CPU
	EndGlobalSection
	GlobalSection(ProjectConfigurationPlatforms) = postSolution
		{BF4ED5E5-AFE7-41AC-8268-D3E4A1B24D12}.Debug|Any CPU.ActiveCfg = Debug|Any CPU
		{BF4ED5E5-AFE7-41AC-8268-D3E4A1B24D12}.Debug|Any CPU.Build.0 = Debug|Any CPU
		{BF4ED5E5-AFE7-41AC-8268-D3E4A1B24D12}.Release|Any CPU.ActiveCfg = Release|Any CPU
		{BF4ED5E5-AFE7-41AC-8268-D3E4A1B24D12}.Release|Any CPU.Build.0 = Release|Any CPU
	EndGlobalSection
	GlobalSection(SolutionProperties) = preSolution
		HideSolutionNode = FALSE
	EndGlobalSection
	GlobalSection(ExtensibilityGlobals) = postSolution
		SolutionGuid = {495A7FA3-9BE9-4860-AA0E-53F99A67CDE5}
	EndGlobalSection
EndGlobal
